schema: '2.0'
stages:
  generate_config:
    cmd: python scripts/generate_config.py
    deps:
    - path: scripts/config
      md5: a7e29e56d5b0c55552fa7f6ae52c2cad.dir
      size: 6595
      nfiles: 26
    outs:
    - path: data/output/clean_data_config.yaml
      md5: bd8b500d2bb21f9ea4b95e63c97f9b2a
      size: 263
      isexec: true
    - path: data/output/model_config.yaml
      md5: 4b69dcfb3dff1f94fc3f21145c7d3933
      size: 157
      isexec: true
    - path: data/output/normalize_data_config.yaml
      md5: e70de9f761a13b57bfd1d82737eda79c
      size: 119
      isexec: true
    - path: data/output/split_data_config.yaml
      md5: 55e1682465fb61448c4766298e073ee7
      size: 122
      isexec: true
    - path: data/output/test_config.yaml
      md5: 8bcbb6345b145752aac08cc11aae1ac1
      size: 245
      isexec: true
    - path: data/output/train_config.yaml
      md5: 04836bcfa1b3a5f677611dce0e358d21
      size: 18
      isexec: true
    - path: data/output/vectorize_data_config.yaml
      md5: 1e0007177b7ff23028aa34d2b1c0f0ea
      size: 222
      isexec: true
  clean_data:
    cmd: python scripts/clean_data.py
    deps:
    - path: data/input/training.1600000.processed.noemoticon.utf-8.csv
      md5: 2404eb1a5fde3c5e9411b81f899c4980
      size: 238942690
    - path: data/output/clean_data_config.yaml
      md5: bd8b500d2bb21f9ea4b95e63c97f9b2a
      size: 263
    - path: scripts/clean_data.py
      md5: 75d05911c49d5dd31469f09716efa404
      size: 3493
    outs:
    - path: data/output/clean_data.csv
      md5: fb9958691cf6e65a800dfa562ec51490
      size: 200250590
      isexec: true
  split_data:
    cmd: python scripts/split_data.py
    deps:
    - path: data/output/clean_data.csv
      md5: fb9958691cf6e65a800dfa562ec51490
      size: 200250590
    - path: data/output/split_data_config.yaml
      md5: 55e1682465fb61448c4766298e073ee7
      size: 122
    - path: scripts/split_data.py
      md5: bb5bf446532640791f56477fe267f4c3
      size: 5120
    outs:
    - path: data/output/split_data.pkl
      md5: 5cd2d941543d2904711b11e81b0e6202
      size: 166983787
      isexec: true
  normalize_data:
    cmd: python scripts/normalize_data.py
    deps:
    - path: data/output/normalize_data_config.yaml
      md5: e70de9f761a13b57bfd1d82737eda79c
      size: 119
    - path: data/output/split_data.pkl
      md5: 5cd2d941543d2904711b11e81b0e6202
      size: 166983787
    - path: scripts/normalize_data.py
      md5: 16dda091ff4efaa09be91882ce0386d4
      size: 5000
    outs:
    - path: data/output/normalize_data.pkl
      md5: bd44b028fa1aed418cc1185c8fea56e6
      size: 139605929
      isexec: true
