schema: '2.0'
stages:
  split_crossvalidation:
    cmd: python scripts/split_crossvalidation.py
    deps:
    - path: data/input/training.1600000.processed.noemoticon.utf-8.csv
      md5: 2404eb1a5fde3c5e9411b81f899c4980
      size: 238942690
    - path: scripts/split_crossvalidation.py
      md5: c52e1b128b3f2ed4b44e2047296d8193
      size: 1297
    outs:
    - path: data/output/partitions/crossValidation/train_fold_0.csv
      md5: c4a6a7a9ba54a1325921a8e77a2438fb
      size: 176395251
      isexec: true
    - path: data/output/partitions/crossValidation/train_fold_1.csv
      md5: 3cd50bd1a348c4d21a12b1f55b86f69a
      size: 176407183
      isexec: true
    - path: data/output/partitions/crossValidation/train_fold_2.csv
      md5: 9c86b02bdd00daac90a5777bfea590f6
      size: 176392792
      isexec: true
    - path: data/output/partitions/crossValidation/train_fold_3.csv
      md5: 5ae86a6c74c2af38124a697db7e64e45
      size: 176368632
      isexec: true
    - path: data/output/partitions/crossValidation/train_fold_4.csv
      md5: 7fa1f4c1385a9391bab35718382b8d32
      size: 176352181
      isexec: true
    - path: data/output/partitions/crossValidation/val_fold_0.csv
      md5: f971534a907682fcba8009f38bbb0333
      size: 44083785
      isexec: true
    - path: data/output/partitions/crossValidation/val_fold_1.csv
      md5: 86003e5cb8f05c4dba6f4d516e58c983
      size: 44071853
      isexec: true
    - path: data/output/partitions/crossValidation/val_fold_2.csv
      md5: ee8ebecbe7e7c700eac7b455bc3e26d3
      size: 44086244
      isexec: true
    - path: data/output/partitions/crossValidation/val_fold_3.csv
      md5: c53badec79059457a9c8bec086448faa
      size: 44110404
      isexec: true
    - path: data/output/partitions/crossValidation/val_fold_4.csv
      md5: 5de61c189f874647171dca9f91461e8f
      size: 44126855
      isexec: true
  split_traintest:
    cmd: python scripts/split_traintest.py
    deps:
    - path: data/output/preprocessed/cleaned/training.csv
      md5: 27482f1b5e81ed7de3a39577ff193e57
      size: 73091401
    - path: scripts/split_traintest.py
      md5: 22f3c7752adb5f77527dadd6e833518a
      size: 3940
    outs:
    - path: data/output/partitions/traintest/cleaned/test.csv
      md5: af06a88629c381ddafa2ebbfefc2e801
      size: 21934617
    - path: data/output/partitions/traintest/cleaned/train.csv
      md5: 96133a9de16ddba1e76b92722fe496ca
      size: 51156793
  train_lstm_bidirectional:
    cmd: python scripts/train_lstm_bidirectional.py
    deps:
    - path: data/output/partitions/trainValTest_glove/train.csv
      md5: d41d8cd98f00b204e9800998ecf8427e
      size: 0
    - path: data/output/partitions/trainValTest_glove/val.csv
      md5: d41d8cd98f00b204e9800998ecf8427e
      size: 0
      isexec: true
    outs:
    - path: data/output/model/lstm_bidirectional/mlflow_id.json
      md5: d41d8cd98f00b204e9800998ecf8427e
      size: 0
    - path: data/output/model/lstm_bidirectional/model.pkl
      md5: d41d8cd98f00b204e9800998ecf8427e
      size: 0
      isexec: true
  test_regression:
    cmd: python scripts/test_regression.py
    deps:
    - path: data/output/model/regression/metrics.json
      md5: d41d8cd98f00b204e9800998ecf8427e
      size: 0
    - path: data/output/model/regression/mlflow_id.json
      md5: d41d8cd98f00b204e9800998ecf8427e
      size: 0
    - path: data/output/partitions/trainValTest/test.csv
      md5: d41d8cd98f00b204e9800998ecf8427e
      size: 0
      isexec: true
    outs:
    - path: data/output/model/regression/model_metrics.json
      md5: d41d8cd98f00b204e9800998ecf8427e
      size: 0
  test_lstm_bidirectional:
    cmd: python scripts/test_lstm_bidirectional.py
    deps:
    - path: data/output/model/lstm_bidirectional/metrics.json
      md5: d41d8cd98f00b204e9800998ecf8427e
      size: 0
      isexec: true
    - path: data/output/model/lstm_bidirectional/mlflow_id.json
      md5: d41d8cd98f00b204e9800998ecf8427e
      size: 0
    - path: data/output/partitions/trainValTest/test.csv
      md5: d41d8cd98f00b204e9800998ecf8427e
      size: 0
    outs:
    - path: data/output/model/lstm_bidirectional/model_metrics.json
      md5: d41d8cd98f00b204e9800998ecf8427e
      size: 0
  split_trainvaltest:
    cmd: python scripts/split_trainvaltest.py
    deps:
    - path: data/output/training.1600000.processed.noemoticon.cleaned_with_glove.utf-8.csv
      md5: 89bb73c695b8db9d9150d25192b28ff2
      size: 163094827
    - path: scripts/split_trainvaltest.py
      md5: 5406160508f1cd3334e53eaaf7f1923a
      size: 2043
    outs:
    - path: data/output/partitions/trainValTest/test.csv
      md5: b289635ddad05fa717c67f83851cd9e3
      size: 24461501
      isexec: true
    - path: data/output/partitions/trainValTest/train.csv
      md5: f800ec37138de9ef4a61a268611e7ed8
      size: 114174698
      isexec: true
    - path: data/output/partitions/trainValTest/val.csv
      md5: 43bb4206227a4ac6adc39a89115a8afe
      size: 24458698
      isexec: true
  preprocess_tfidf:
    cmd: python scripts/preprocess_tfidf.py
    deps:
    - path: data/output/partitions/traintest/cleaned/test.csv
      md5: af06a88629c381ddafa2ebbfefc2e801
      size: 21934617
    - path: data/output/partitions/traintest/cleaned/train.csv
      md5: 96133a9de16ddba1e76b92722fe496ca
      size: 51156793
    - path: data/output/vectorizers/tfidf.pkl
      md5: 6055f6dc61a7a2026a4b94f9b4b37b38
      size: 359126
    - path: scripts/preprocess_tfidf.py
      md5: de34aa026f6eef60958c7f879924bce4
      size: 4593
    outs:
    - path: data/output/partitions/traintest/tfidf/test.csv
      md5: 764dc55f91b5fad4e45e548bf863e223
      size: 18481929
    - path: data/output/partitions/traintest/tfidf/train.csv
      md5: b1e9c5481659f2f9d49c6579ed2f7acd
      size: 43150411
  train_regression:
    cmd: python scripts/train_lstm_regression.py
    deps:
    - path: data/output/partitions/trainValTest_tfidf/train.csv
      md5: d41d8cd98f00b204e9800998ecf8427e
      size: 0
    - path: data/output/partitions/trainValTest_tfidf/val.csv
      md5: d41d8cd98f00b204e9800998ecf8427e
      size: 0
    outs:
    - path: data/output/model/regression/mlflow_id.json
      md5: d41d8cd98f00b204e9800998ecf8427e
      size: 0
    - path: data/output/model/regression/model.pkl
      md5: d41d8cd98f00b204e9800998ecf8427e
      size: 0
      isexec: true
  preprocess_glove:
    cmd: python scripts/preprocess_glove.py
    deps:
    - path: data/input/glove.twitter.27B.200d.txt
      md5: e44cdc3e10806b5137055eeb08850569
      size: 2057590469
    - path: data/output/partitions/trainValTest/test.csv
      md5: ccb401daf513966a83bee65790598ff0
      size: 33075009
    - path: data/output/partitions/trainValTest/train.csv
      md5: 1ccd4ea5042e3dfd219db13c9cbcddaa
      size: 154327358
    - path: data/output/partitions/trainValTest/val.csv
      md5: 16f7ee5528e4d9162d344a8641fbccf4
      size: 33076704
    - path: scripts/preprocess_with_glove.py
      md5: d41d8cd98f00b204e9800998ecf8427e
      size: 0
      isexec: true
    outs:
    - path: data/output/partitions/trainValTest_glove/test.csv
      md5: d41d8cd98f00b204e9800998ecf8427e
      size: 0
      isexec: true
    - path: data/output/partitions/trainValTest_glove/train.csv
      md5: d41d8cd98f00b204e9800998ecf8427e
      size: 0
    - path: data/output/partitions/trainValTest_glove/val.csv
      md5: d41d8cd98f00b204e9800998ecf8427e
      size: 0
  preprocess_batch_cleaning:
    cmd: python scripts/preprocess_batch_cleaning.py
    deps:
    - path: data/input/training.1600000.processed.noemoticon.utf-8.csv
      md5: 2404eb1a5fde3c5e9411b81f899c4980
      size: 238942690
    - path: scripts/preprocess_batch_cleaning.py
      md5: 458aaa69f92a021e0f2e179ade360fb7
      size: 2821
    - path: scripts/preprocess_common.py
      md5: 70550d9cf902975463dfa1db9fff7b3b
      size: 2989
    outs:
    - path: data/output/training.1600000.processed.noemoticon.cleaned.utf-8.csv
      md5: c2be4b01ed30c73d54e34182e16b7340
      size: 168909994
      isexec: true
  generate_vectorizer_tfidf:
    cmd: python src/feature_engineering/generate_vectorizer_tfidf.py
    deps:
    - path: data/output/partitions/train_test/train.csv
      hash: md5
      md5: 66d2afc47e178879c6e16251d0115739
      size: 47325370
      isexec: true
    - path: src/feature_engineering/generate_vectorizer_tfidf.py
      hash: md5
      md5: d4970d399b0c124da96fa269b03c5746
      size: 3318
      isexec: true
    params:
      params.yaml:
        generate_vectorizer_tfidf.input_file: data/output/partitions/train_test/train.csv
        generate_vectorizer_tfidf.max_features: 1000
        generate_vectorizer_tfidf.text_column: tweet
    outs:
    - path: data/output/vectorizers/tfidf_train.pkl
      hash: md5
      md5: d6ad48347a85104d6d59dfadecb8bcd5
      size: 35790
      isexec: true
  preprocess_batch_cleaning_with_glove:
    cmd: python scripts/preprocess_batch_cleaning_with_glove.py
    deps:
    - path: data/input/glove.twitter.27B.200d.txt
      md5: e44cdc3e10806b5137055eeb08850569
      size: 2057590469
    - path: data/output/training.1600000.processed.noemoticon.cleaned.utf-8.csv
      md5: c2be4b01ed30c73d54e34182e16b7340
      size: 168909994
    - path: scripts/preprocess_batch_cleaning_with_glove.py
      md5: f2d6b37ef64c232f778da53b8c19b5c4
      size: 3664
    outs:
    - path: data/output/training.1600000.processed.noemoticon.cleaned_with_glove.utf-8.csv
      md5: 89bb73c695b8db9d9150d25192b28ff2
      size: 163094827
      isexec: true
  preprocess_cleaning:
    cmd: python scripts/preprocess_cleaning.py
    deps:
    - path: data/input/training.1600000.processed.noemoticon.utf-8.csv
      md5: 2404eb1a5fde3c5e9411b81f899c4980
      size: 238942690
    - path: scripts/preprocess_cleaning.py
      md5: ffb3f6b41ca59961c7454d7d79749d33
      size: 3261
    - path: scripts/preprocess_common.py
      md5: 70550d9cf902975463dfa1db9fff7b3b
      size: 2989
    outs:
    - path: data/output/preprocessed/cleaned/training.csv
      md5: 27482f1b5e81ed7de3a39577ff193e57
      size: 73091401
      isexec: true
  vectorizer_tfidf:
    cmd: python scripts/vectorizer_tfidf.py
    deps:
    - path: data/output/partitions/traintest/cleaned/train.csv
      md5: 96133a9de16ddba1e76b92722fe496ca
      size: 51156793
    - path: scripts/vectorizer_tfidf.py
      md5: 2f80b95b5e0e309bf67189a21d69e015
      size: 2280
    outs:
    - path: data/output/vectorizers/tfidf.pkl
      md5: 6055f6dc61a7a2026a4b94f9b4b37b38
      size: 359126
  preprocess_cleaning_with_glove:
    cmd: python scripts/preprocess_cleaning_with_glove.py
    deps:
    - path: data/input/glove.twitter.27B.200d.txt
      md5: e44cdc3e10806b5137055eeb08850569
      size: 2057590469
    - path: data/output/preprocessed/cleaned/training.csv
      md5: 27482f1b5e81ed7de3a39577ff193e57
      size: 73091401
    - path: scripts/preprocess_cleaning_with_glove.py
      md5: 336ef6176bba0d28cfed57e3ef00689d
      size: 4186
    outs:
    - path: data/output/preprocessed/glove_cleaned/training.csv
      md5: 627e91d1382ba03feef9f85bf4fe8b3b
      size: 67569118
      isexec: true
  split_trainvaltest_glove:
    cmd: python scripts/split_trainvaltest_glove.py
    deps:
    - path: data/output/preprocessed/glove_cleaned/training.csv
      md5: 627e91d1382ba03feef9f85bf4fe8b3b
      size: 67569118
    - path: scripts/split_trainvaltest_glove.py
      md5: d83ba3b133d23572285ee9d3a20e92b8
      size: 3599
    outs:
    - path: data/output/partitions/trainvaltest/glove_cleaned/test.csv
      md5: eb1875046a76566e6c813a44d6db82d3
      size: 13510300
      isexec: true
    - path: data/output/partitions/trainvaltest/glove_cleaned/train.csv
      md5: e404af22b12c160985159325c7749ee8
      size: 40553661
      isexec: true
    - path: data/output/partitions/trainvaltest/glove_cleaned/val.csv
      md5: 3ca5884294d8d78a9e483fbf608f242f
      size: 13505175
      isexec: true
  split_traintest_glove:
    cmd: python scripts/split_traintest_glove.py
    deps:
    - path: data/output/preprocessed/glove_cleaned/training.csv
      md5: 627e91d1382ba03feef9f85bf4fe8b3b
      size: 67569118
    - path: scripts/split_traintest_glove.py
      md5: a0607a015d528083a48d4b8ef9ea29ea
      size: 1221
    outs:
    - path: data/output/partitions/traintest/glove_cleaned/test.csv
      md5: dc382f0b31367b9ea963f7117a3746aa
      size: 20262480
      isexec: true
    - path: data/output/partitions/traintest/glove_cleaned/train.csv
      md5: ec56280a1d395e9e3c58e6e9c7d3ed25
      size: 47306647
      isexec: true
  vectorizer_tfidf_glove:
    cmd: python scripts/vectorizer_tfidf_glove.py
    deps:
    - path: data/output/partitions/traintest/glove_cleaned/train.csv
      md5: ec56280a1d395e9e3c58e6e9c7d3ed25
      size: 47306647
    - path: scripts/vectorizer_tfidf_glove.py
      md5: f332c1158870d5515b51ebe47b41f287
      size: 1073
    outs:
    - path: data/output/vectorizers/tfidf_glove.pkl
      md5: 6ee07e86fef84f82d91fd71624799199
      size: 360035
      isexec: true
  preprocess_tfidf_glove:
    cmd: python scripts/preprocess_tfidf_glove.py
    deps:
    - path: data/output/partitions/traintest/glove_cleaned/test.csv
      md5: dc382f0b31367b9ea963f7117a3746aa
      size: 20262480
    - path: data/output/partitions/traintest/glove_cleaned/train.csv
      md5: ec56280a1d395e9e3c58e6e9c7d3ed25
      size: 47306647
    - path: data/output/vectorizers/tfidf_glove.pkl
      md5: 6ee07e86fef84f82d91fd71624799199
      size: 360035
    - path: scripts/preprocess_tfidf_glove.py
      md5: 9d27fa644f81559f6e67a5c7b30caa79
      size: 1030
    outs:
    - path: data/output/partitions/traintest/tfidf_glove/test.csv
      md5: 55efd2ed1f3933fe1b1c867dbd7244b4
      size: 18323750
      isexec: true
    - path: data/output/partitions/traintest/tfidf_glove/train.csv
      md5: b80977e04b585f6beafed7801541aa48
      size: 42808174
      isexec: true
  validate_data:
    cmd: python scripts/validate_data.py
    deps:
    - path: data/output/partitions/traintest/glove_cleaned/test.csv
      md5: dc382f0b31367b9ea963f7117a3746aa
      size: 20262480
    - path: data/output/partitions/traintest/glove_cleaned/train.csv
      md5: ec56280a1d395e9e3c58e6e9c7d3ed25
      size: 47306647
    - path: data/output/partitions/trainvaltest/glove_cleaned/test.csv
      md5: eb1875046a76566e6c813a44d6db82d3
      size: 13510300
    - path: data/output/partitions/trainvaltest/glove_cleaned/train.csv
      md5: e404af22b12c160985159325c7749ee8
      size: 40553661
    - path: data/output/partitions/trainvaltest/glove_cleaned/val.csv
      md5: 3ca5884294d8d78a9e483fbf608f242f
      size: 13505175
  test_distilbert_pretrained:
    cmd: python scripts/test_distilbert_pretrained.py
    deps:
    - path: data/output/partitions/trainvaltest/glove_cleaned/test.csv
      md5: eb1875046a76566e6c813a44d6db82d3
      size: 13510300
    - path: scripts/test_distilbert_pretrained.py
      md5: 7ebd259861fd6b29b39b378778df8b20
      size: 2860
    outs:
    - path: data/output/models/distilbert_pretrained/metrics.json
      md5: 4b942237c82cfdaea593fbeeced7bfe4
      size: 139
      isexec: true
  preprocess_base_cleaning:
    cmd: python scripts/preprocess_base_cleaning.py
    deps:
    - path: data/input/training.1600000.processed.noemoticon.utf-8.csv
      md5: 2404eb1a5fde3c5e9411b81f899c4980
      size: 238942690
    - path: scripts/preprocess_base_cleaning.py
      md5: 3a8357e23cae2e999fe2c13fde8befc5
      size: 3260
    - path: scripts/preprocess_utils.py
      md5: 70550d9cf902975463dfa1db9fff7b3b
      size: 2989
    outs:
    - path: data/output/preprocessed/cleaned/training.csv
      md5: 27482f1b5e81ed7de3a39577ff193e57
      size: 73091401
      isexec: true
  preprocess_glove_cleaning:
    cmd: python scripts/preprocess_glove_cleaning.py
    deps:
    - path: data/input/glove.twitter.27B.100d.txt
      hash: md5
      md5: ccbdddec6b9610196dd2e187635fee63
      size: 1021669379
      isexec: true
    - path: data/output/preprocessed/cleaned/training.csv
      md5: 27482f1b5e81ed7de3a39577ff193e57
      size: 73091401
      isexec: true
    - path: scripts/preprocess_glove_cleaning.py
      md5: 336ef6176bba0d28cfed57e3ef00689d
      size: 4186
      isexec: true
    params:
      params.yaml:
        preprocess_glove_cleaning.glove_similarity_threshold: 0.6
    outs:
    - path: data/output/preprocessed/glove_cleaned/training.csv
      md5: 627e91d1382ba03feef9f85bf4fe8b3b
      size: 67569118
      isexec: true
  split_data_train_test:
    cmd: python src/data_preparation/split_data_train_test.py
    deps:
    - path: data/output/preprocessed/glove_cleaned/training.csv
      hash: md5
      md5: efc43dd42c73d152bca7cebd16ad0546
      size: 67569118
      isexec: true
    - path: src/data_preparation/split_data_train_test.py
      hash: md5
      md5: 76ce8830dc3467808e3515ec2ff764f2
      size: 4253
      isexec: true
    params:
      params.yaml:
        split_data_train_test.label_column: id
        split_data_train_test.random_state: 42
        split_data_train_test.test_size: 0.3
        split_data_train_test.text_column: tweet
    outs:
    - path: data/output/partitions/train_test/test.csv
      hash: md5
      md5: 582eede403307bd9f565a8931e7d9e2f
      size: 20243757
      isexec: true
    - path: data/output/partitions/train_test/train.csv
      hash: md5
      md5: 66d2afc47e178879c6e16251d0115739
      size: 47325370
      isexec: true
  generate_glove_embedding_matrix:
    cmd: python scripts/generate_glove_embedding_matrix.py
    deps:
    - path: data/input/glove.twitter.27B.100d.txt
      hash: md5
      md5: ccbdddec6b9610196dd2e187635fee63
      size: 1021669379
      isexec: true
    - path: data/output/preprocessed/glove_cleaned/training.csv
      md5: 627e91d1382ba03feef9f85bf4fe8b3b
      size: 67569118
      isexec: true
    - path: scripts/generate_glove_embedding_matrix.py
      md5: 0a73d44850a362ebd14562d5ad8c7bcf
      size: 2972
      isexec: true
    params:
      params.yaml:
        generate_glove_embedding_matrix.embedding_dim: 100
        generate_glove_embedding_matrix.vocab_size: 20000
    outs:
    - path: data/output/vectors/glove_vectors.pkl
      hash: md5
      md5: 0167eb7e462fbd50095e6a2b62b4f0d9
      size: 98727191
      isexec: true
  transform_glove_train_test:
    cmd: python scripts/transform_glove_train_test.py
    deps:
    - path: data/output/vectors/glove_vectors.pkl
      md5: 6503abf08bea8a64b5bdfad12a3ebd9f
      size: 98727191
    - path: scripts/transform_glove_train_test.py
      md5: 7851d439cbdf1a7f02ac3498cb839236
      size: 3514
    outs:
    - path: data/output/partitions/traintest/glove_vectors/test.pkl
      md5: 6e569ba3ab61fb83f15fe841c98ddf77
      size: 191487124
      isexec: true
    - path: data/output/partitions/traintest/glove_vectors/train.pkl
      md5: 824839df96b5f24b52ff117fe80cad5d
      size: 446802383
      isexec: true
  transform_glove_train_val_test:
    cmd: python scripts/transform_glove_train_val_test.py
    deps:
    - path: data/output/vectors/glove_vectors.pkl
      hash: md5
      md5: 0167eb7e462fbd50095e6a2b62b4f0d9
      size: 98727191
      isexec: true
    - path: scripts/transform_glove_train_val_test.py
      md5: 563285bad298065197345d659c7e8b07
      size: 4056
      isexec: true
    outs:
    - path: data/output/partitions/trainvaltest/glove_vectors/test.pkl
      md5: 1fbb76de63924822d0f5d186b9bdafab
      size: 127658005
      isexec: true
    - path: data/output/partitions/trainvaltest/glove_vectors/train.pkl
      md5: 373c6270b53b91cc8e057fc776ec59fa
      size: 382973675
      isexec: true
    - path: data/output/partitions/trainvaltest/glove_vectors/val.pkl
      md5: 6c59a732d9c09bcde7b1f2d30600306f
      size: 127658005
      isexec: true
  transform_tfidf_train_test:
    cmd: python scripts/transform_tfidf_train_test.py
    deps:
    - path: data/output/partitions/traintest/glove_cleaned/
      hash: md5
      md5: 51c8851352770f26e21bd0cc0d5acda3.dir
      size: 67569127
      nfiles: 2
    - path: data/output/vectorizers/tfidf_train.pkl
      hash: md5
      md5: 52789d6ddd8afc39a0b89de72e41f557
      size: 35793
      isexec: true
    - path: scripts/transform_tfidf_train_test.py
      hash: md5
      md5: 8cab8f669664b432c550e915553e5bef
      size: 4762
      isexec: true
    params:
      params.yaml:
        transform_tfidf_train_test.label_column: id
        transform_tfidf_train_test.text_column: tweet
    outs:
    - path: data/output/partitions/traintest/labels/
      hash: md5
      md5: 8d6c4bf76e6acb5ac1ff132a7bfd1d5e.dir
      size: 3175556
      nfiles: 2
    - path: data/output/partitions/traintest/tfidf_vectors/
      hash: md5
      md5: d1cc4f4dcc742b1a207129d5f1940357.dir
      size: 69120132
      nfiles: 2
  train_logistic_tfidf:
    cmd: python src/train_model/train_logistic_tfidf.py
    deps:
    - path: data/output/preprocessed/tfidf_vectorizer/x_train_vec.pkl
      hash: md5
      md5: 93786485651c7097123ea10603496fca
      size: 129474895
      isexec: true
    - path: data/output/preprocessed/tfidf_vectorizer/x_val_vec.pkl
      hash: md5
      md5: dec46fcbdab55187fb8d0081a6b135d9
      size: 9758522
      isexec: true
    - path: data/output/preprocessed/tfidf_vectorizer/y_train.csv
      hash: md5
      md5: f93ac0b9e4f9467bf009230a2974197b
      size: 18874202
      isexec: true
    - path: data/output/preprocessed/tfidf_vectorizer/y_val.csv
      hash: md5
      md5: 35014977f4db01f12a6509fa83ff4b0a
      size: 1427760
      isexec: true
    - path: src/train_model/train_logistic_tfidf.py
      hash: md5
      md5: 093e9505290389795d66cbb8ce721ba6
      size: 8078
      isexec: true
    outs:
    - path: data/output/trained_models/logistic_sgd/mlflow_id.json
      hash: md5
      md5: 056cbb0906aaaa477bc1a82db5085e75
      size: 46
      isexec: true
    - path: data/output/trained_models/logistic_sgd/model.pkl
      hash: md5
      md5: bb4862e8b4bbecb8318b8192864259c9.dir
      size: 914150
      nfiles: 5
  test_logistic_tfidf:
    cmd: python scripts/test_logistic_tfidf.py
    deps:
    - path: data/output/experiments/logistic_tfidf/model
      hash: md5
      md5: 2d11332358a245bca8357600422b7689.dir
      size: 9883
      nfiles: 6
    - path: data/output/partitions/traintest/labels/test_labels.csv
      hash: md5
      md5: 2214f47c7a9f76da6563d9cc4f1aaf4a
      size: 952669
      isexec: true
    - path: data/output/partitions/traintest/tfidf_vectors/test.npz
      hash: md5
      md5: ed3282600f25542b2434ebd4255b1d0e
      size: 20743476
      isexec: true
    - path: scripts/test_logistic_tfidf.py
      hash: md5
      md5: 593cccad24f9278f3b764ef59ff6ae2e
      size: 6684
      isexec: true
    outs:
    - path: data/output/experiments/logistic_tfidf/metrics/
      hash: md5
      md5: b5e8f993548c2da0d32f21fcab7c8fbb.dir
      size: 208
      nfiles: 1
  test_lstm_bidirectional_with_glove:
    cmd: python src/test_model/test_model_lstm.py
    deps:
    - path: data/output/preprocessed/glove_vectors/x_test_glove.pkl
      hash: md5
      md5: 6765243b7c21ab4106e966299747f3f3
      size: 23605764
      isexec: true
    - path: data/output/preprocessed/glove_vectors/y_test.csv
      hash: md5
      md5: 9656a949435ccb3749a34ddcb5e57f51
      size: 102111
      isexec: true
    - path: data/output/trained_models/lstm_bidirectional/bilstm_model.h5
      hash: md5
      md5: 309e3f2e43bc3d2211e2972df8155276
      size: 4286752
      isexec: true
  split_data_train_val_test:
    cmd: "papermill src/data_preparation/split_data_train_val_test.ipynb _ -p input_file
      data/input/training.1600000.processed.noemoticon.utf-8.csv -p output_dir data/output/preprocessed/train_val_test/
      -p text_column tweet -p label_column id -p test_size 0.005 -p val_size 0.07
      -p random_state 42      \n"
    deps:
    - path: data/input/training.1600000.processed.noemoticon.utf-8.csv
      hash: md5
      md5: 2404eb1a5fde3c5e9411b81f899c4980
      size: 238942690
      isexec: true
    - path: src/data_preparation/split_data_train_val_test.ipynb
      hash: md5
      md5: 71c9c007ec8a587362f3e3f7a626b47b
      size: 20355
      isexec: true
    params:
      params.yaml:
        split_data_train_val_test.label_column: id
        split_data_train_val_test.random_state: 42
        split_data_train_val_test.test_size: 0.005
        split_data_train_val_test.text_column: tweet
        split_data_train_val_test.val_size: 0.07
    outs:
    - path: data/output/preprocessed/train_val_test/x_test.csv
      hash: md5
      md5: 22ebc97c180f860f3bebd11bd8206d5f
      size: 683398
      isexec: true
    - path: data/output/preprocessed/train_val_test/x_train.csv
      hash: md5
      md5: 436d80f965f20d5898182812f9ffa97a
      size: 127324372
      isexec: true
    - path: data/output/preprocessed/train_val_test/x_val.csv
      hash: md5
      md5: 44f1421fab9b9b5c0926f487f5a21fab
      size: 9621558
      isexec: true
    - path: data/output/preprocessed/train_val_test/y_test.csv
      hash: md5
      md5: 045fc8433b83f42212915d818b76dc7f
      size: 102813
      isexec: true
    - path: data/output/preprocessed/train_val_test/y_train.csv
      hash: md5
      md5: 3ade90a6438092de7127199b41641bc0
      size: 19017124
      isexec: true
    - path: data/output/preprocessed/train_val_test/y_val.csv
      hash: md5
      md5: 3e7c1799fc28bd4c7e180827c2950966
      size: 1439148
      isexec: true
  preprocess_token_bert:
    cmd: python scripts/preprocess_token_bert.py
    deps:
    - path: data/output/partitions/trainvaltest/glove_cleaned/test.csv
      hash: md5
      md5: adc803aa019af0473cccaf05be149f67
      size: 13501423
      isexec: true
    - path: data/output/partitions/trainvaltest/glove_cleaned/train.csv
      hash: md5
      md5: eedae3afaa47ad278d80c5d417bc22fa
      size: 47303280
      isexec: true
    - path: data/output/partitions/trainvaltest/glove_cleaned/val.csv
      hash: md5
      md5: 9c018b22c4015907fbbbaabfc94b0a8f
      size: 6764433
      isexec: true
    - path: scripts/preprocess_token_bert.py
      hash: md5
      md5: 0721f440aa3fc9d443cf86840b4ffe9d
      size: 2532
      isexec: true
    params:
      params.yaml:
        preprocess_token_bert.model_params.max_length: 128
    outs:
    - path: data/output/partitions/trainvaltest/token_bert/test.json
      hash: md5
      md5: ba9dde81d2f8af336d9c9457fed50ea1
      size: 104988973
      isexec: true
    - path: data/output/partitions/trainvaltest/token_bert/train.json
      hash: md5
      md5: 59f41914f9b87758ba3dd4500f07bf28
      size: 474187652
      isexec: true
    - path: data/output/partitions/trainvaltest/token_bert/val.json
      hash: md5
      md5: 48392129d6dae165e271520b917ad9b0
      size: 59165869
      isexec: true
    - path: data/output/token_bert/tokenizer/special_tokens_map.json
      hash: md5
      md5: 29ba428df177361130afa82cf0883098
      size: 125
      isexec: true
    - path: data/output/token_bert/tokenizer/tokenizer_config.json
      hash: md5
      md5: fbca9bba27fe0af82acfc03fe4aca6c2
      size: 1248
      isexec: true
    - path: data/output/token_bert/tokenizer/vocab.txt
      hash: md5
      md5: 64800d5d8528ce344256daf115d4965e
      size: 231508
      isexec: true
  clean_tweet_base:
    cmd: python src/data_preparation/clean_tweet_base.py
    deps:
    - path: data/output/preprocessed/train_val_test/x_test.csv
      hash: md5
      md5: 22ebc97c180f860f3bebd11bd8206d5f
      size: 683398
      isexec: true
    - path: data/output/preprocessed/train_val_test/x_train.csv
      hash: md5
      md5: 436d80f965f20d5898182812f9ffa97a
      size: 127324372
      isexec: true
    - path: data/output/preprocessed/train_val_test/x_val.csv
      hash: md5
      md5: 44f1421fab9b9b5c0926f487f5a21fab
      size: 9621558
      isexec: true
    - path: data/output/preprocessed/train_val_test/y_test.csv
      hash: md5
      md5: 045fc8433b83f42212915d818b76dc7f
      size: 102813
      isexec: true
    - path: data/output/preprocessed/train_val_test/y_train.csv
      hash: md5
      md5: 3ade90a6438092de7127199b41641bc0
      size: 19017124
      isexec: true
    - path: data/output/preprocessed/train_val_test/y_val.csv
      hash: md5
      md5: 3e7c1799fc28bd4c7e180827c2950966
      size: 1439148
      isexec: true
    - path: src/data_preparation/clean_tweet_base.py
      hash: md5
      md5: 7b924729ad79a420ed104b6434305667
      size: 3856
      isexec: true
    outs:
    - path: data/output/preprocessed/clean_tweet_base/x_test.csv
      hash: md5
      md5: ed8ff32fa2196fca9bf7ec10b8c0e19a
      size: 431681
      isexec: true
    - path: data/output/preprocessed/clean_tweet_base/x_train.csv
      hash: md5
      md5: 0aa308a4c910e69ac1e2640defa76910
      size: 80252153
      isexec: true
    - path: data/output/preprocessed/clean_tweet_base/x_val.csv
      hash: md5
      md5: b7353ceb7f7e47b8ca85fa455250325d
      size: 6070533
      isexec: true
    - path: data/output/preprocessed/clean_tweet_base/y_test.csv
      hash: md5
      md5: fb7141082ad53b55d039aaaebdcf9215
      size: 102410
      isexec: true
    - path: data/output/preprocessed/clean_tweet_base/y_train.csv
      hash: md5
      md5: 5f496feb1ed3d4deba802ea9eb436d75
      size: 18932169
      isexec: true
    - path: data/output/preprocessed/clean_tweet_base/y_val.csv
      hash: md5
      md5: 24975cca27bf6e415698433b502c96ff
      size: 1432284
      isexec: true
  clean_tweet_glove:
    cmd: python src/data_preparation/clean_tweet_glove.py
    deps:
    - path: data/input/glove.twitter.27B.50d.txt
      hash: md5
      md5: 6e8369db39aa3ea5f7cf06c1f3745b06
      size: 510887943
      isexec: true
    - path: data/output/preprocessed/clean_tweet_base/x_test.csv
      hash: md5
      md5: ed8ff32fa2196fca9bf7ec10b8c0e19a
      size: 431681
      isexec: true
    - path: data/output/preprocessed/clean_tweet_base/x_train.csv
      hash: md5
      md5: 0aa308a4c910e69ac1e2640defa76910
      size: 80252153
      isexec: true
    - path: data/output/preprocessed/clean_tweet_base/x_val.csv
      hash: md5
      md5: b7353ceb7f7e47b8ca85fa455250325d
      size: 6070533
      isexec: true
    - path: data/output/preprocessed/clean_tweet_base/y_test.csv
      hash: md5
      md5: fb7141082ad53b55d039aaaebdcf9215
      size: 102410
      isexec: true
    - path: data/output/preprocessed/clean_tweet_base/y_train.csv
      hash: md5
      md5: 5f496feb1ed3d4deba802ea9eb436d75
      size: 18932169
      isexec: true
    - path: data/output/preprocessed/clean_tweet_base/y_val.csv
      hash: md5
      md5: 24975cca27bf6e415698433b502c96ff
      size: 1432284
      isexec: true
    - path: src/data_preparation/clean_tweet_glove.py
      hash: md5
      md5: a8c46b5ee0c6170b9917b5407f4ec5e9
      size: 4043
      isexec: true
    params:
      params.yaml:
        clean_tweet_glove.glove_similarity_threshold: 0.8
    outs:
    - path: data/output/preprocessed/clean_tweet_glove/x_test.csv
      hash: md5
      md5: 6a8f6ba51b6bede0db44b43902fb2dcb
      size: 402918
      isexec: true
    - path: data/output/preprocessed/clean_tweet_glove/x_train.csv
      hash: md5
      md5: f7b4bf0031db29d1843bc068642fbb82
      size: 75134077
      isexec: true
    - path: data/output/preprocessed/clean_tweet_glove/x_val.csv
      hash: md5
      md5: 126d1a55256a85cdde7d1f8bed13536f
      size: 5683133
      isexec: true
    - path: data/output/preprocessed/clean_tweet_glove/y_test.csv
      hash: md5
      md5: 9656a949435ccb3749a34ddcb5e57f51
      size: 102111
      isexec: true
    - path: data/output/preprocessed/clean_tweet_glove/y_train.csv
      hash: md5
      md5: f93ac0b9e4f9467bf009230a2974197b
      size: 18874202
      isexec: true
    - path: data/output/preprocessed/clean_tweet_glove/y_val.csv
      hash: md5
      md5: 35014977f4db01f12a6509fa83ff4b0a
      size: 1427760
      isexec: true
  batch_prepare_tfidf_vectors:
    cmd: python src/data_preparation/batch_prepare_tfidf_vectors.py
    deps:
    - path: data/output/preprocessed/clean_tweet_glove/x_test.csv
      hash: md5
      md5: 6a8f6ba51b6bede0db44b43902fb2dcb
      size: 402918
      isexec: true
    - path: data/output/preprocessed/clean_tweet_glove/x_train.csv
      hash: md5
      md5: f7b4bf0031db29d1843bc068642fbb82
      size: 75134077
      isexec: true
    - path: data/output/preprocessed/clean_tweet_glove/x_val.csv
      hash: md5
      md5: 126d1a55256a85cdde7d1f8bed13536f
      size: 5683133
      isexec: true
    - path: src/data_preparation/batch_prepare_tfidf_vectors.py
      hash: md5
      md5: cf6b18f43a4049c71dfd14f05f87cf38
      size: 6978
      isexec: true
    params:
      params.yaml:
        batch_apply_tfidf_vectorizer.max_length: 10000
    outs:
    - path: data/output/preprocessed/tfidf_vectorizer/x_test_vec.pkl
      hash: md5
      md5: 0e4483ace6e449e668e94ee18af16e4e
      size: 691363
      isexec: true
    - path: data/output/preprocessed/tfidf_vectorizer/x_train_vec.pkl
      hash: md5
      md5: 93786485651c7097123ea10603496fca
      size: 129474895
      isexec: true
    - path: data/output/preprocessed/tfidf_vectorizer/x_val_vec.pkl
      hash: md5
      md5: dec46fcbdab55187fb8d0081a6b135d9
      size: 9758522
      isexec: true
    - path: data/output/preprocessed/tfidf_vectorizer/y_test.csv
      hash: md5
      md5: 9656a949435ccb3749a34ddcb5e57f51
      size: 102111
      isexec: true
    - path: data/output/preprocessed/tfidf_vectorizer/y_train.csv
      hash: md5
      md5: f93ac0b9e4f9467bf009230a2974197b
      size: 18874202
      isexec: true
    - path: data/output/preprocessed/tfidf_vectorizer/y_val.csv
      hash: md5
      md5: 35014977f4db01f12a6509fa83ff4b0a
      size: 1427760
      isexec: true
  batch_prepare_glove_vectors:
    cmd: python src/data_preparation/batch_prepare_glove_vectors.py
    deps:
    - path: data/input/glove.twitter.27B.50d.txt
      hash: md5
      md5: 6e8369db39aa3ea5f7cf06c1f3745b06
      size: 510887943
      isexec: true
    - path: data/output/preprocessed/clean_tweet_glove/x_test.csv
      hash: md5
      md5: 6a8f6ba51b6bede0db44b43902fb2dcb
      size: 402918
      isexec: true
    - path: data/output/preprocessed/clean_tweet_glove/x_train.csv
      hash: md5
      md5: f7b4bf0031db29d1843bc068642fbb82
      size: 75134077
      isexec: true
    - path: data/output/preprocessed/clean_tweet_glove/x_val.csv
      hash: md5
      md5: 126d1a55256a85cdde7d1f8bed13536f
      size: 5683133
      isexec: true
    - path: data/output/preprocessed/clean_tweet_glove/y_test.csv
      hash: md5
      md5: 9656a949435ccb3749a34ddcb5e57f51
      size: 102111
      isexec: true
    - path: data/output/preprocessed/clean_tweet_glove/y_train.csv
      hash: md5
      md5: f93ac0b9e4f9467bf009230a2974197b
      size: 18874202
      isexec: true
    - path: data/output/preprocessed/clean_tweet_glove/y_val.csv
      hash: md5
      md5: 35014977f4db01f12a6509fa83ff4b0a
      size: 1427760
      isexec: true
    - path: src/data_preparation/batch_prepare_glove_vectors.py
      hash: md5
      md5: db0409c94ef120ff8254fe3995102ab3
      size: 9105
      isexec: true
    params:
      params.yaml:
        batch_prepare_glove_vectors.embedding_dim: 50
        batch_prepare_glove_vectors.glove_file: data/input/glove.twitter.27B.50d.txt
        batch_prepare_glove_vectors.max_length: 10000
    outs:
    - path: data/output/preprocessed/glove_vectors/x_test_glove.pkl
      hash: md5
      md5: 6765243b7c21ab4106e966299747f3f3
      size: 23605764
      isexec: true
    - path: data/output/preprocessed/glove_vectors/x_train_glove.pkl
      hash: md5
      md5: 253d1cde7a724094418f651194e82082
      size: 4363631513
      isexec: true
    - path: data/output/preprocessed/glove_vectors/x_val_glove.pkl
      hash: md5
      md5: 668b2264ee3dfd5ad66723316a0645fc
      size: 330089308
      isexec: true
    - path: data/output/preprocessed/glove_vectors/y_test.csv
      hash: md5
      md5: 9656a949435ccb3749a34ddcb5e57f51
      size: 102111
      isexec: true
    - path: data/output/preprocessed/glove_vectors/y_train.csv
      hash: md5
      md5: f93ac0b9e4f9467bf009230a2974197b
      size: 18874202
      isexec: true
    - path: data/output/preprocessed/glove_vectors/y_val.csv
      hash: md5
      md5: 35014977f4db01f12a6509fa83ff4b0a
      size: 1427760
      isexec: true
  batch_prepare_bert_token:
    cmd: python src/data_preparation/batch_prepare_bert_tokens.py
    deps:
    - path: data/output/partitions/train_val_test/test.csv
      hash: md5
      md5: adc803aa019af0473cccaf05be149f67
      size: 13501423
      isexec: true
    - path: data/output/partitions/train_val_test/train.csv
      hash: md5
      md5: eedae3afaa47ad278d80c5d417bc22fa
      size: 47303280
      isexec: true
    - path: data/output/partitions/train_val_test/val.csv
      hash: md5
      md5: 9c018b22c4015907fbbbaabfc94b0a8f
      size: 6764433
      isexec: true
    - path: src/data_preparation/batch_prepare_bert_tokens.py
      hash: md5
      md5: da88fe9d97e651e17a9d4ad0eacff371
      size: 5144
      isexec: true
    - path: src/data_preparation/bert_loader.py
      hash: md5
      md5: 4445ed3e8c69065baf8f95099a380202
      size: 798
      isexec: true
    - path: src/data_preparation/tweet_vectorization.py
      hash: md5
      md5: ba479266ec72d758405045032b258c13
      size: 3327
      isexec: true
    params:
      params.yaml:
        batch_prepare_bert_token.input.test_file: data/output/partitions/train_val_test/test.csv
        batch_prepare_bert_token.input.train_file: data/output/partitions/train_val_test/train.csv
        batch_prepare_bert_token.input.val_file: data/output/partitions/train_val_test/val.csv
        batch_prepare_bert_token.max_length: 64
        batch_prepare_bert_token.output_dir: data/output/preprocessed/distilbert_tokenizer
    outs:
    - path: data/output/preprocessed/distilbert_tokenizer/test_file_bert.pkl
      hash: md5
      md5: bdb87073ebe4c0f9db6469a3fb30c0e9
      size: 89273592
      isexec: true
    - path: data/output/preprocessed/distilbert_tokenizer/train_file_bert.pkl
      hash: md5
      md5: 14b634f97826db39a1a996d7606fd9cc
      size: 312464245
      isexec: true
    - path: data/output/preprocessed/distilbert_tokenizer/val_file_bert.pkl
      hash: md5
      md5: 194c40648cea571d918b612ea82164ce
      size: 44637766
      isexec: true
  train_model_distilbert:
    cmd: python src/train_model/train_model_distilbert.py
    deps:
    - path: data/output/preprocessed/distilbert_tokenizer/train_file_bert.pkl
      hash: md5
      md5: 14b634f97826db39a1a996d7606fd9cc
      size: 312464245
      isexec: true
    - path: data/output/preprocessed/distilbert_tokenizer/val_file_bert.pkl
      hash: md5
      md5: 194c40648cea571d918b612ea82164ce
      size: 44637766
      isexec: true
    - path: src/train_model/train_model_distilbert.py
      hash: md5
      md5: 4fc40af83d05349df542ddd7e3b2d1ec
      size: 12765
      isexec: true
    outs:
    - path: data/output/trained_models/distilbert-base-uncased/model/final_model.keras
      hash: md5
      md5: b7a7250db9d5e4b4582b4aa6ed6a3599
      size: 797845351
      isexec: true
    - path: data/output/trained_models/distilbert-base-uncased/model/mlflow_id.json
      hash: md5
      md5: 3f3cc672d74318af7eab45912649a970
      size: 52
      isexec: true
  test_model_distilbert_ktrain:
    cmd: python src/test_model/test_model_distilbert_ktrain.py
    deps:
    - path: data/output/preprocessed/clean_tweet_glove/x_test.csv
      hash: md5
      md5: 6a8f6ba51b6bede0db44b43902fb2dcb
      size: 402918
      isexec: true
    - path: data/output/preprocessed/clean_tweet_glove/y_test.csv
      hash: md5
      md5: 9656a949435ccb3749a34ddcb5e57f51
      size: 102111
      isexec: true
    - path: data/output/trained_models/distilbert-base-uncased/mlflow_id.json
      hash: md5
      md5: ed61f9b4b110165296605d3fa74cd42a
      size: 52
      isexec: true
    - path: src/test_model/test_model_distilbert_ktrain.py
      hash: md5
      md5: 3401abea3789a59f455a2b22ca154e02
      size: 6764
      isexec: true
  plot_data_stats_train_val_test:
    cmd: python src/data_preparation/plot_data_stats.py plot_data_stats_train_val_test
    deps:
    - path: data/output/preprocessed/train_val_test/x_test.csv
      hash: md5
      md5: 22ebc97c180f860f3bebd11bd8206d5f
      size: 683398
      isexec: true
    - path: data/output/preprocessed/train_val_test/x_train.csv
      hash: md5
      md5: 436d80f965f20d5898182812f9ffa97a
      size: 127324372
      isexec: true
    - path: data/output/preprocessed/train_val_test/x_val.csv
      hash: md5
      md5: 44f1421fab9b9b5c0926f487f5a21fab
      size: 9621558
      isexec: true
  plot_data_stats_clean_tweet_glove:
    cmd: python src/data_preparation/plot_data_stats.py plot_data_stats_clean_tweet_glove
    deps:
    - path: data/output/preprocessed/clean_tweet_glove/x_test.csv
      hash: md5
      md5: 6a8f6ba51b6bede0db44b43902fb2dcb
      size: 402918
      isexec: true
    - path: data/output/preprocessed/clean_tweet_glove/x_train.csv
      hash: md5
      md5: f7b4bf0031db29d1843bc068642fbb82
      size: 75134077
      isexec: true
    - path: data/output/preprocessed/clean_tweet_glove/x_val.csv
      hash: md5
      md5: 126d1a55256a85cdde7d1f8bed13536f
      size: 5683133
      isexec: true
  test_model_logistic:
    cmd: python src/test_model/test_model_logistic.py
    deps:
    - path: data/output/preprocessed/tfidf_vectorizer/x_test_vec.pkl
      hash: md5
      md5: 0e4483ace6e449e668e94ee18af16e4e
      size: 691363
      isexec: true
    - path: data/output/preprocessed/tfidf_vectorizer/y_test.csv
      hash: md5
      md5: 9656a949435ccb3749a34ddcb5e57f51
      size: 102111
      isexec: true
    - path: src/test_model/test_model_logistic.py
      hash: md5
      md5: e26a9cc0e512efbd0d3a8264aebd02aa
      size: 10957
      isexec: true
  train_model_distilbert_ktrain:
    cmd: python src/train_model/train_model_distilbert_ktrain.py
    deps:
    - path: data/output/preprocessed/clean_tweet_glove/x_train.csv
      hash: md5
      md5: f7b4bf0031db29d1843bc068642fbb82
      size: 75134077
      isexec: true
    - path: data/output/preprocessed/clean_tweet_glove/x_val.csv
      hash: md5
      md5: 126d1a55256a85cdde7d1f8bed13536f
      size: 5683133
      isexec: true
    - path: data/output/preprocessed/clean_tweet_glove/y_train.csv
      hash: md5
      md5: f93ac0b9e4f9467bf009230a2974197b
      size: 18874202
      isexec: true
    - path: data/output/preprocessed/clean_tweet_glove/y_val.csv
      hash: md5
      md5: 35014977f4db01f12a6509fa83ff4b0a
      size: 1427760
      isexec: true
    - path: src/train_model/train_model_distilbert_ktrain.py
      hash: md5
      md5: 9e38438fb76161a1fab0d67e8b4130be
      size: 8706
      isexec: true
    outs:
    - path: data/output/trained_models/distilbert-base-uncased/mlflow_id.json
      hash: md5
      md5: ed61f9b4b110165296605d3fa74cd42a
      size: 52
      isexec: true
  train_lstm_bidirectional_with_glove:
    cmd: python src/train_model/train_lstm_bidirectional_with_glove.py
    deps:
    - path: data/output/preprocessed/glove_vectors/x_train_glove.pkl
      hash: md5
      md5: 253d1cde7a724094418f651194e82082
      size: 4363631513
      isexec: true
    - path: data/output/preprocessed/glove_vectors/x_val_glove.pkl
      hash: md5
      md5: 668b2264ee3dfd5ad66723316a0645fc
      size: 330089308
      isexec: true
    - path: data/output/preprocessed/glove_vectors/y_train.csv
      hash: md5
      md5: f93ac0b9e4f9467bf009230a2974197b
      size: 18874202
      isexec: true
    - path: data/output/preprocessed/glove_vectors/y_val.csv
      hash: md5
      md5: 35014977f4db01f12a6509fa83ff4b0a
      size: 1427760
      isexec: true
    outs:
    - path: data/output/trained_models/lstm_bidirectional/bilstm_model.h5
      hash: md5
      md5: 309e3f2e43bc3d2211e2972df8155276
      size: 4286752
      isexec: true
    - path: data/output/trained_models/lstm_bidirectional/mlflow_id.json
      hash: md5
      md5: 91faab009ad4b7dc70a1f60c14e26441
      size: 46
      isexec: true
  build_and_test_api:
    cmd: src/deploy/build_and_test_api.sh
    deps:
    - path: Dockerfile
      hash: md5
      md5: 20e4ce12912111aafd25d840262ba9cd
      size: 1209
      isexec: true
    - path: data/output/preprocessed/clean_tweet_glove/x_test.csv
      hash: md5
      md5: 6a8f6ba51b6bede0db44b43902fb2dcb
      size: 402918
      isexec: true
    - path: data/output/preprocessed/clean_tweet_glove/y_test.csv
      hash: md5
      md5: 9656a949435ccb3749a34ddcb5e57f51
      size: 102111
      isexec: true
    - path: data/output/trained_models/distilbert-base-uncased/mlflow_id.json
      hash: md5
      md5: ed61f9b4b110165296605d3fa74cd42a
      size: 52
      isexec: true
    - path: src/deploy/build_and_test_api.sh
      hash: md5
      md5: ce7021917b5716f258af76e7eae53eea
      size: 1773
      isexec: true
    - path: src/deploy/test_api.py
      hash: md5
      md5: 55efddcc790dee5dfbe12eaba926a881
      size: 1760
      isexec: true
